
Microsoft Visual Studio Solution File, Format Version 12.00
# Visual Studio Version 17
VisualStudioVersion = 17.4.33110.190
MinimumVisualStudioVersion = 10.0.40219.1
Project("{FAE04EC0-301F-11D3-BF4B-00C04F79EFBC}") = "AllegionTrainingNov2022", "AllegionTrainingNov2022\AllegionTrainingNov2022.csproj", "{7DC4DA23-D70D-4B5F-A2CB-79BC0AA3EA5B}"
EndProject
Project("{FAE04EC0-301F-11D3-BF4B-00C04F79EFBC}") = "MyAllegionUtility", "MyAllegionUtility\MyAllegionUtility.csproj", "{C15C29F3-C014-4939-93A4-849AAC9495AE}"
EndProject
Project("{FAE04EC0-301F-11D3-BF4B-00C04F79EFBC}") = "TestAllegionUtility", "TestAllegionUtility\TestAllegionUtility.csproj", "{6BE60591-C729-4F37-9B0E-DCAB962E0706}"
EndProject
Project("{FAE04EC0-301F-11D3-BF4B-00C04F79EFBC}") = "HerokuAppTests", "HerokuAppTests\HerokuAppTests.csproj", "{CCFDF2C3-5CF8-4D55-9379-B1ADA0968288}"
EndProject
Project("{FAE04EC0-301F-11D3-BF4B-00C04F79EFBC}") = "HerokuApp.WebImplementation", "HerokuAppPageObjects\HerokuApp.WebImplementation.csproj", "{6ECE3191-6070-4F33-8606-060688DD35B0}"
EndProject
Project("{FAE04EC0-301F-11D3-BF4B-00C04F79EFBC}") = "HerokuApp.Operations", "HerokuApp.Operations\HerokuApp.Operations.csproj", "{AB60AEFE-17F8-4CEE-8332-5651275D9C85}"
EndProject
Project("{FAE04EC0-301F-11D3-BF4B-00C04F79EFBC}") = "HerokuApp.MobileImplementation", "HerokuApp.MobileImplementation\HerokuApp.MobileImplementation.csproj", "{C336CD58-D889-483A-AB08-E3BF8A0EC630}"
EndProject
Project("{FAE04EC0-301F-11D3-BF4B-00C04F79EFBC}") = "HerokuApp.EndtoEnd", "HerokuApp.EndtoEnd\HerokuApp.EndtoEnd.csproj", "{2B1435EB-3607-427A-AD7C-DE9D2BB95589}"
EndProject
Global
	GlobalSection(SolutionConfigurationPlatforms) = preSolution
		Debug|Any CPU = Debug|Any CPU
		Release|Any CPU = Release|Any CPU
	EndGlobalSection
	GlobalSection(ProjectConfigurationPlatforms) = postSolution
		{7DC4DA23-D70D-4B5F-A2CB-79BC0AA3EA5B}.Debug|Any CPU.ActiveCfg = Debug|Any CPU
		{7DC4DA23-D70D-4B5F-A2CB-79BC0AA3EA5B}.Debug|Any CPU.Build.0 = Debug|Any CPU
		{7DC4DA23-D70D-4B5F-A2CB-79BC0AA3EA5B}.Release|Any CPU.ActiveCfg = Release|Any CPU
		{7DC4DA23-D70D-4B5F-A2CB-79BC0AA3EA5B}.Release|Any CPU.Build.0 = Release|Any CPU
		{C15C29F3-C014-4939-93A4-849AAC9495AE}.Debug|Any CPU.ActiveCfg = Debug|Any CPU
		{C15C29F3-C014-4939-93A4-849AAC9495AE}.Debug|Any CPU.Build.0 = Debug|Any CPU
		{C15C29F3-C014-4939-93A4-849AAC9495AE}.Release|Any CPU.ActiveCfg = Release|Any CPU
		{C15C29F3-C014-4939-93A4-849AAC9495AE}.Release|Any CPU.Build.0 = Release|Any CPU
		{6BE60591-C729-4F37-9B0E-DCAB962E0706}.Debug|Any CPU.ActiveCfg = Debug|Any CPU
		{6BE60591-C729-4F37-9B0E-DCAB962E0706}.Debug|Any CPU.Build.0 = Debug|Any CPU
		{6BE60591-C729-4F37-9B0E-DCAB962E0706}.Release|Any CPU.ActiveCfg = Release|Any CPU
		{6BE60591-C729-4F37-9B0E-DCAB962E0706}.Release|Any CPU.Build.0 = Release|Any CPU
		{CCFDF2C3-5CF8-4D55-9379-B1ADA0968288}.Debug|Any CPU.ActiveCfg = Debug|Any CPU
		{CCFDF2C3-5CF8-4D55-9379-B1ADA0968288}.Debug|Any CPU.Build.0 = Debug|Any CPU
		{CCFDF2C3-5CF8-4D55-9379-B1ADA0968288}.Release|Any CPU.ActiveCfg = Release|Any CPU
		{CCFDF2C3-5CF8-4D55-9379-B1ADA0968288}.Release|Any CPU.Build.0 = Release|Any CPU
		{6ECE3191-6070-4F33-8606-060688DD35B0}.Debug|Any CPU.ActiveCfg = Debug|Any CPU
		{6ECE3191-6070-4F33-8606-060688DD35B0}.Debug|Any CPU.Build.0 = Debug|Any CPU
		{6ECE3191-6070-4F33-8606-060688DD35B0}.Release|Any CPU.ActiveCfg = Release|Any CPU
		{6ECE3191-6070-4F33-8606-060688DD35B0}.Release|Any CPU.Build.0 = Release|Any CPU
		{AB60AEFE-17F8-4CEE-8332-5651275D9C85}.Debug|Any CPU.ActiveCfg = Debug|Any CPU
		{AB60AEFE-17F8-4CEE-8332-5651275D9C85}.Debug|Any CPU.Build.0 = Debug|Any CPU
		{AB60AEFE-17F8-4CEE-8332-5651275D9C85}.Release|Any CPU.ActiveCfg = Release|Any CPU
		{AB60AEFE-17F8-4CEE-8332-5651275D9C85}.Release|Any CPU.Build.0 = Release|Any CPU
		{C336CD58-D889-483A-AB08-E3BF8A0EC630}.Debug|Any CPU.ActiveCfg = Debug|Any CPU
		{C336CD58-D889-483A-AB08-E3BF8A0EC630}.Debug|Any CPU.Build.0 = Debug|Any CPU
		{C336CD58-D889-483A-AB08-E3BF8A0EC630}.Release|Any CPU.ActiveCfg = Release|Any CPU
		{C336CD58-D889-483A-AB08-E3BF8A0EC630}.Release|Any CPU.Build.0 = Release|Any CPU
		{2B1435EB-3607-427A-AD7C-DE9D2BB95589}.Debug|Any CPU.ActiveCfg = Debug|Any CPU
		{2B1435EB-3607-427A-AD7C-DE9D2BB95589}.Debug|Any CPU.Build.0 = Debug|Any CPU
		{2B1435EB-3607-427A-AD7C-DE9D2BB95589}.Release|Any CPU.ActiveCfg = Release|Any CPU
		{2B1435EB-3607-427A-AD7C-DE9D2BB95589}.Release|Any CPU.Build.0 = Release|Any CPU
	EndGlobalSection
	GlobalSection(SolutionProperties) = preSolution
		HideSolutionNode = FALSE
	EndGlobalSection
	GlobalSection(ExtensibilityGlobals) = postSolution
		SolutionGuid = {26757E57-7B2C-45BB-897F-006A5ABC9309}
	EndGlobalSection
EndGlobal
