
Microsoft Visual Studio Solution File, Format Version 12.00
# Visual Studio Version 17
VisualStudioVersion = 17.4.33110.190
MinimumVisualStudioVersion = 10.0.40219.1
Project("{FAE04EC0-301F-11D3-BF4B-00C04F79EFBC}") = "AllegionTrainingNov2022", "AllegionTrainingNov2022\AllegionTrainingNov2022.csproj", "{7DC4DA23-D70D-4B5F-A2CB-79BC0AA3EA5B}"
EndProject
Project("{FAE04EC0-301F-11D3-BF4B-00C04F79EFBC}") = "MyAllegionUtility", "MyAllegionUtility\MyAllegionUtility.csproj", "{C15C29F3-C014-4939-93A4-849AAC9495AE}"
EndProject
Project("{FAE04EC0-301F-11D3-BF4B-00C04F79EFBC}") = "TestAllegionUtility", "TestAllegionUtility\TestAllegionUtility.csproj", "{6BE60591-C729-4F37-9B0E-DCAB962E0706}"
EndProject
Project("{FAE04EC0-301F-11D3-BF4B-00C04F79EFBC}") = "HerukoAppTests", "HerukoAppTests\HerukoAppTests.csproj", "{B8441801-D32E-489C-820D-9298F73FCA8D}"
EndProject
Project("{FAE04EC0-301F-11D3-BF4B-00C04F79EFBC}") = "HerukoApp.WebImplementations", "HerukoAppPageObjects\HerukoApp.WebImplementations.csproj", "{CC3175E6-84E1-49C2-B6E2-082193F5FBDF}"
EndProject
Project("{FAE04EC0-301F-11D3-BF4B-00C04F79EFBC}") = "Heruko.Operations", "Heruko.Operations\Heruko.Operations.csproj", "{54F91AC0-E274-45DD-88EC-7F8C61A10E32}"
EndProject
Project("{FAE04EC0-301F-11D3-BF4B-00C04F79EFBC}") = "HerukoApp.MobileImplementations", "HerukoApp.MobileImplementations\HerukoApp.MobileImplementations.csproj", "{749B790B-0E5F-461D-BC61-D958AE3BC9C0}"
EndProject
Project("{FAE04EC0-301F-11D3-BF4B-00C04F79EFBC}") = "HerukoEndToEnd", "HerukoEndToEnd\HerukoEndToEnd.csproj", "{BC8F7C61-319B-42E6-9ECD-114290E81B4E}"
EndProject
Global
	GlobalSection(SolutionConfigurationPlatforms) = preSolution
		Debug|Any CPU = Debug|Any CPU
		Release|Any CPU = Release|Any CPU
	EndGlobalSection
	GlobalSection(ProjectConfigurationPlatforms) = postSolution
		{7DC4DA23-D70D-4B5F-A2CB-79BC0AA3EA5B}.Debug|Any CPU.ActiveCfg = Debug|Any CPU
		{7DC4DA23-D70D-4B5F-A2CB-79BC0AA3EA5B}.Debug|Any CPU.Build.0 = Debug|Any CPU
		{7DC4DA23-D70D-4B5F-A2CB-79BC0AA3EA5B}.Release|Any CPU.ActiveCfg = Release|Any CPU
		{7DC4DA23-D70D-4B5F-A2CB-79BC0AA3EA5B}.Release|Any CPU.Build.0 = Release|Any CPU
		{C15C29F3-C014-4939-93A4-849AAC9495AE}.Debug|Any CPU.ActiveCfg = Debug|Any CPU
		{C15C29F3-C014-4939-93A4-849AAC9495AE}.Debug|Any CPU.Build.0 = Debug|Any CPU
		{C15C29F3-C014-4939-93A4-849AAC9495AE}.Release|Any CPU.ActiveCfg = Release|Any CPU
		{C15C29F3-C014-4939-93A4-849AAC9495AE}.Release|Any CPU.Build.0 = Release|Any CPU
		{6BE60591-C729-4F37-9B0E-DCAB962E0706}.Debug|Any CPU.ActiveCfg = Debug|Any CPU
		{6BE60591-C729-4F37-9B0E-DCAB962E0706}.Debug|Any CPU.Build.0 = Debug|Any CPU
		{6BE60591-C729-4F37-9B0E-DCAB962E0706}.Release|Any CPU.ActiveCfg = Release|Any CPU
		{6BE60591-C729-4F37-9B0E-DCAB962E0706}.Release|Any CPU.Build.0 = Release|Any CPU
		{B8441801-D32E-489C-820D-9298F73FCA8D}.Debug|Any CPU.ActiveCfg = Debug|Any CPU
		{B8441801-D32E-489C-820D-9298F73FCA8D}.Debug|Any CPU.Build.0 = Debug|Any CPU
		{B8441801-D32E-489C-820D-9298F73FCA8D}.Release|Any CPU.ActiveCfg = Release|Any CPU
		{B8441801-D32E-489C-820D-9298F73FCA8D}.Release|Any CPU.Build.0 = Release|Any CPU
		{CC3175E6-84E1-49C2-B6E2-082193F5FBDF}.Debug|Any CPU.ActiveCfg = Debug|Any CPU
		{CC3175E6-84E1-49C2-B6E2-082193F5FBDF}.Debug|Any CPU.Build.0 = Debug|Any CPU
		{CC3175E6-84E1-49C2-B6E2-082193F5FBDF}.Release|Any CPU.ActiveCfg = Release|Any CPU
		{CC3175E6-84E1-49C2-B6E2-082193F5FBDF}.Release|Any CPU.Build.0 = Release|Any CPU
		{54F91AC0-E274-45DD-88EC-7F8C61A10E32}.Debug|Any CPU.ActiveCfg = Debug|Any CPU
		{54F91AC0-E274-45DD-88EC-7F8C61A10E32}.Debug|Any CPU.Build.0 = Debug|Any CPU
		{54F91AC0-E274-45DD-88EC-7F8C61A10E32}.Release|Any CPU.ActiveCfg = Release|Any CPU
		{54F91AC0-E274-45DD-88EC-7F8C61A10E32}.Release|Any CPU.Build.0 = Release|Any CPU
		{749B790B-0E5F-461D-BC61-D958AE3BC9C0}.Debug|Any CPU.ActiveCfg = Debug|Any CPU
		{749B790B-0E5F-461D-BC61-D958AE3BC9C0}.Debug|Any CPU.Build.0 = Debug|Any CPU
		{749B790B-0E5F-461D-BC61-D958AE3BC9C0}.Release|Any CPU.ActiveCfg = Release|Any CPU
		{749B790B-0E5F-461D-BC61-D958AE3BC9C0}.Release|Any CPU.Build.0 = Release|Any CPU
		{BC8F7C61-319B-42E6-9ECD-114290E81B4E}.Debug|Any CPU.ActiveCfg = Debug|Any CPU
		{BC8F7C61-319B-42E6-9ECD-114290E81B4E}.Debug|Any CPU.Build.0 = Debug|Any CPU
		{BC8F7C61-319B-42E6-9ECD-114290E81B4E}.Release|Any CPU.ActiveCfg = Release|Any CPU
		{BC8F7C61-319B-42E6-9ECD-114290E81B4E}.Release|Any CPU.Build.0 = Release|Any CPU
	EndGlobalSection
	GlobalSection(SolutionProperties) = preSolution
		HideSolutionNode = FALSE
	EndGlobalSection
	GlobalSection(ExtensibilityGlobals) = postSolution
		SolutionGuid = {26757E57-7B2C-45BB-897F-006A5ABC9309}
	EndGlobalSection
EndGlobal
