
Microsoft Visual Studio Solution File, Format Version 12.00
# Visual Studio Version 17
VisualStudioVersion = 17.3.32929.385
MinimumVisualStudioVersion = 10.0.40219.1
Project("{FAE04EC0-301F-11D3-BF4B-00C04F79EFBC}") = "Allegion SDK", "Allegion SDK.csproj", "{17B1713C-CE9C-4266-A690-B7AA75EE070B}"
EndProject
Global
	GlobalSection(SolutionConfigurationPlatforms) = preSolution
		Debug|Any CPU = Debug|Any CPU
		Release|Any CPU = Release|Any CPU
	EndGlobalSection
	GlobalSection(ProjectConfigurationPlatforms) = postSolution
		{17B1713C-CE9C-4266-A690-B7AA75EE070B}.Debug|Any CPU.ActiveCfg = Debug|Any CPU
		{17B1713C-CE9C-4266-A690-B7AA75EE070B}.Debug|Any CPU.Build.0 = Debug|Any CPU
		{17B1713C-CE9C-4266-A690-B7AA75EE070B}.Release|Any CPU.ActiveCfg = Release|Any CPU
		{17B1713C-CE9C-4266-A690-B7AA75EE070B}.Release|Any CPU.Build.0 = Release|Any CPU
	EndGlobalSection
	GlobalSection(SolutionProperties) = preSolution
		HideSolutionNode = FALSE
	EndGlobalSection
	GlobalSection(ExtensibilityGlobals) = postSolution
		SolutionGuid = {BCE9E86C-8297-4AF2-B184-F845E34C5738}
	EndGlobalSection
EndGlobal
